
Microsoft Visual Studio Solution File, Format Version 12.00
# Visual Studio Version 17
VisualStudioVersion = 17.11.35208.52
MinimumVisualStudioVersion = 10.0.40219.1
Project("{888888A0-9F3D-457C-B088-3A5042F75D52}") = "3KLSC-SergioCastro-07p", "3KLSC-SergioCastro-07p\3KLSC-SergioCastro-07p.pyproj", "{E8BFEDBE-82ED-459B-8B7E-1045BD18F8E5}"
EndProject
Global
	GlobalSection(SolutionConfigurationPlatforms) = preSolution
		Debug|Any CPU = Debug|Any CPU
		Release|Any CPU = Release|Any CPU
	EndGlobalSection
	GlobalSection(ProjectConfigurationPlatforms) = postSolution
		{E8BFEDBE-82ED-459B-8B7E-1045BD18F8E5}.Debug|Any CPU.ActiveCfg = Debug|Any CPU
		{E8BFEDBE-82ED-459B-8B7E-1045BD18F8E5}.Release|Any CPU.ActiveCfg = Release|Any CPU
	EndGlobalSection
	GlobalSection(SolutionProperties) = preSolution
		HideSolutionNode = FALSE
	EndGlobalSection
	GlobalSection(ExtensibilityGlobals) = postSolution
		SolutionGuid = {6C5C34B7-A527-4105-83F2-39D2C6150623}
	EndGlobalSection
EndGlobal
